# THIS IS AN AUTOGENERATED FILE. DO NOT EDIT THIS FILE DIRECTLY.
# yarn lockfile v1


"@contentful/rich-text-types@^16.0.2", "@contentful/rich-text-types@^16.0.3":
  version "16.2.0"
  resolved "https://registry.yarnpkg.com/@contentful/rich-text-types/-/rich-text-types-16.2.0.tgz#5a98cb119340f4da46555216913e96d7ce58df70"
  integrity sha512-4BHC+mfa50JB70epzpnas4EkiuB3mGdBZ5Rp8w7R5wXvswEf8TLg5yGau2FxmZeEjrAkDrt4vzBLVQ8v3Y//Jw==

"@types/json-patch@0.0.30":
  version "0.0.30"
  resolved "https://registry.yarnpkg.com/@types/json-patch/-/json-patch-0.0.30.tgz#7c562173216c50529e70126ceb8e7a533f865e9b"
  integrity sha512-MhCUjojzDhVLnZnxwPwa+rETFRDQ0ffjxYdrqOP6TBO2O0/Z64PV5tNeYApo4bc4y4frbWOrRwv/eEkXlI13Rw==

"@types/node@20.4.1":
  version "20.4.1"
  resolved "https://registry.yarnpkg.com/@types/node/-/node-20.4.1.tgz#a6033a8718653c50ac4962977e14d0f984d9527d"
  integrity sha512-JIzsAvJeA/5iY6Y/OxZbv1lUcc8dNSE77lb2gnBH+/PJ3lFR1Ccvgwl5JWnHAkNHcRsT0TbpVOsiMKZ1F/yyJg==

asynckit@0.4.0, asynckit@^0.4.0:
  version "0.4.0"
  resolved "https://registry.yarnpkg.com/asynckit/-/asynckit-0.4.0.tgz#c79ed97f7f34cb8f2ba1bc9790bcc366474b4b79"
  integrity sha512-Oei9OH4tRh0YqU3GxhX79dM/mwVgvbZJaSNaRk+bshkj0S5cfHcgYakreBjrHwatXKbz+IoIdYLxrKim2MjW0Q==

axios@0.26.1, axios@^0.26.0, axios@^0.26.1:
  version "0.26.1"
  resolved "https://registry.yarnpkg.com/axios/-/axios-0.26.1.tgz#1ede41c51fcf51bbbd6fd43669caaa4f0495aaa9"
  integrity sha512-fPwcX4EvnSHuInCMItEhAGnaSEXRBjtzh9fOtsE6E1G6p7vl7edEeZe11QHf18+6+9gR5PbKV/sGKNaD8YaMeA==
  dependencies:
    follow-redirects "^1.14.8"

axios@^0.27.1:
  version "0.27.2"
  resolved "https://registry.yarnpkg.com/axios/-/axios-0.27.2.tgz#207658cc8621606e586c85db4b41a750e756d972"
  integrity sha512-t+yRIyySRTp/wua5xEr+z1q60QmLq8ABsS5O9Me1AsE5dfKqgnCFzwiCZZ/cGNd1lq4/7akDWMxdhVlucjmnOQ==
  dependencies:
    follow-redirects "^1.14.9"
    form-data "^4.0.0"

call-bind@^1.0.0:
  version "1.0.2"
  resolved "https://registry.yarnpkg.com/call-bind/-/call-bind-1.0.2.tgz#b1d4e89e688119c3c9a903ad30abb2f6a919be3c"
  integrity sha512-7O+FbCihrB5WGbFYesctwmTKae6rOiIzmz1icreWJ+0aA7LJfuqhEso2T9ncpcFtzMQtzXf2QGGueWJGTYsqrA==
  dependencies:
    function-bind "^1.1.1"
    get-intrinsic "^1.0.2"

chalk@5.3.0:
  version "5.3.0"
  resolved "https://registry.yarnpkg.com/chalk/-/chalk-5.3.0.tgz#67c20a7ebef70e7f3970a01f90fa210cb6860385"
  integrity sha512-dLitG79d+GV1Nb/VYcCDFivJeK1hiukt9QjRNVOsUtTy1rR1YJsmpGGTZ3qJos+uw7WmWF4wUwBd9jxjocFC2w==

combined-stream@1.0.8, combined-stream@^1.0.8:
  version "1.0.8"
  resolved "https://registry.yarnpkg.com/combined-stream/-/combined-stream-1.0.8.tgz#c3d45a8b34fd730631a110a8a2520682b31d5a7f"
  integrity sha512-FQN4MRfuJeHf7cBbBMJFXhKSDq+2kAArBlmRBvcvFE5BB1HZKXtSFASDhdlz9zOYwxh8lDdnvmMOe/+5cdoEdg==
  dependencies:
    delayed-stream "~1.0.0"

contentful-management@10.39.0:
  version "10.39.0"
  resolved "https://registry.yarnpkg.com/contentful-management/-/contentful-management-10.39.0.tgz#8bdcf4ee67ea3d2f8956382f091e34fc6c263981"
  integrity sha512-S2RtXttUyKOnPqvKWtPg9PJXN3C1S2QpneKekYgDQufcpMGeFObtb7s2KroenAAJNaZ1FZQsFaqWV6oVqZySeg==
  dependencies:
    "@contentful/rich-text-types" "^16.0.3"
    "@types/json-patch" "0.0.30"
    axios "^0.27.1"
    contentful-sdk-core "^7.0.1"
    fast-copy "^3.0.0"
    lodash.isplainobject "^4.0.6"
    type-fest "^3.0.0"

contentful-resolve-response@^1.3.6:
  version "1.7.0"
  resolved "https://registry.yarnpkg.com/contentful-resolve-response/-/contentful-resolve-response-1.7.0.tgz#0431d222a474e60a397b050a883bb3df61d9a378"
  integrity sha512-NIaQkXAdNWf/1wp13aqtrmHWHy71oCIIbynojGs9ONDtA7hBXC2yCEf2IjzfgOkrkEfOMvwDQHizD0WmL6FR8w==
  dependencies:
    fast-copy "^2.1.7"

contentful-sdk-core@^7.0.1, contentful-sdk-core@^7.0.2:
  version "7.1.0"
  resolved "https://registry.yarnpkg.com/contentful-sdk-core/-/contentful-sdk-core-7.1.0.tgz#74d3ef8b167c5ac390fbb5db2d6e433731e05115"
  integrity sha512-RzTPnRsbCdVAhyka3wa9sDsAu9YsxoerNgaMqd63Ljb7qpG2zkdHcP7NTfyIbuHDJNJdAQdifyafxfEEwP+q/w==
  dependencies:
    fast-copy "^2.1.7"
    lodash.isplainobject "^4.0.6"
    lodash.isstring "^4.0.1"
    p-throttle "^4.1.1"
    qs "^6.9.4"

contentful@10.3.4:
  version "10.3.4"
  resolved "https://registry.yarnpkg.com/contentful/-/contentful-10.3.4.tgz#d788913c430d7ad21a13afd2d5babea37c725103"
  integrity sha512-i6OHoPDqDzCN3ihbnHO0yxym5EjKsIO17iUyzcPdvYsZT8pH+nyvNeD5Wcvw5mm8hdzknDM2Jq8TAsATUKseUA==
  dependencies:
    "@contentful/rich-text-types" "^16.0.2"
    axios "^0.26.1"
    contentful-resolve-response "^1.3.6"
    contentful-sdk-core "^7.0.2"
    json-stringify-safe "^5.0.1"
    type-fest "^3.1.0"

delayed-stream@1.0.0, delayed-stream@~1.0.0:
  version "1.0.0"
  resolved "https://registry.yarnpkg.com/delayed-stream/-/delayed-stream-1.0.0.tgz#df3ae199acadfb7d440aaae0b29e2272b24ec619"
  integrity sha512-ZySD7Nf91aLB0RxL4KGrKHBXl7Eds1DAmEdcoVawXnLD7SDhpNgtuII2aAkg7a7QS41jxPSZ17p4VdGnMHk3MQ==

dotenv@16.3.1:
  version "16.3.1"
  resolved "https://registry.yarnpkg.com/dotenv/-/dotenv-16.3.1.tgz#369034de7d7e5b120972693352a3bf112172cc3e"
  integrity sha512-IPzF4w4/Rd94bA9imS68tZBaYyBWSCE47V1RGuMrB94iyTOIEwRmVL2x/4An+6mETpLrKJ5hQkB8W4kFAadeIQ==

fast-copy@^2.1.7:
  version "2.1.7"
  resolved "https://registry.yarnpkg.com/fast-copy/-/fast-copy-2.1.7.tgz#affc9475cb4b555fb488572b2a44231d0c9fa39e"
  integrity sha512-ozrGwyuCTAy7YgFCua8rmqmytECYk/JYAMXcswOcm0qvGoE3tPb7ivBeIHTOK2DiapBhDZgacIhzhQIKU5TCfA==

fast-copy@^3.0.0:
  version "3.0.1"
  resolved "https://registry.yarnpkg.com/fast-copy/-/fast-copy-3.0.1.tgz#9e89ef498b8c04c1cd76b33b8e14271658a732aa"
  integrity sha512-Knr7NOtK3HWRYGtHoJrjkaWepqT8thIVGAwt0p0aUs1zqkAzXZV4vo9fFNwyb5fcqK1GKYFYxldQdIDVKhUAfA==

follow-redirects@1.15.2, follow-redirects@^1.14.8, follow-redirects@^1.14.9:
  version "1.15.2"
  resolved "https://registry.yarnpkg.com/follow-redirects/-/follow-redirects-1.15.2.tgz#b460864144ba63f2681096f274c4e57026da2c13"
  integrity sha512-VQLG33o04KaQ8uYi2tVNbdrWp1QWxNNea+nmIB4EVM28v0hmP17z7aG1+wAkNzVq4KeXTq3221ye5qTJP91JwA==

form-data@4.0.0, form-data@^4.0.0:
  version "4.0.0"
  resolved "https://registry.yarnpkg.com/form-data/-/form-data-4.0.0.tgz#93919daeaf361ee529584b9b31664dc12c9fa452"
  integrity sha512-ETEklSGi5t0QMZuiXoA/Q6vcnxcLQP5vdugSpuAyi6SVGi2clPPp+xgEhuMaHC+zGgn31Kd235W35f7Hykkaww==
  dependencies:
    asynckit "^0.4.0"
    combined-stream "^1.0.8"
    mime-types "^2.1.12"

function-bind@^1.1.1:
  version "1.1.1"
  resolved "https://registry.yarnpkg.com/function-bind/-/function-bind-1.1.1.tgz#a56899d3ea3c9bab874bb9773b7c5ede92f4895d"
  integrity sha512-yIovAzMX49sF8Yl58fSCWJ5svSLuaibPxXQJFLmBObTuCr0Mf1KiPopGM9NiFjiYBCbfaa2Fh6breQ6ANVTI0A==

get-intrinsic@^1.0.2:
  version "1.2.1"
  resolved "https://registry.yarnpkg.com/get-intrinsic/-/get-intrinsic-1.2.1.tgz#d295644fed4505fc9cde952c37ee12b477a83d82"
  integrity sha512-2DcsyfABl+gVHEfCOaTrWgyt+tb6MSEGmKq+kI5HwLbIYgjgmMcV8KQ41uaKz1xxUcn9tJtgFbQUEVcEbd0FYw==
  dependencies:
    function-bind "^1.1.1"
    has "^1.0.3"
    has-proto "^1.0.1"
    has-symbols "^1.0.3"

has-proto@^1.0.1:
  version "1.0.1"
  resolved "https://registry.yarnpkg.com/has-proto/-/has-proto-1.0.1.tgz#1885c1305538958aff469fef37937c22795408e0"
  integrity sha512-7qE+iP+O+bgF9clE5+UoBFzE65mlBiVj3tKCrlNQ0Ogwm0BjpT/gK4SlLYDMybDh5I3TCTKnPPa0oMG7JDYrhg==

has-symbols@^1.0.3:
  version "1.0.3"
  resolved "https://registry.yarnpkg.com/has-symbols/-/has-symbols-1.0.3.tgz#bb7b2c4349251dce87b125f7bdf874aa7c8b39f8"
  integrity sha512-l3LCuF6MgDNwTDKkdYGEihYjt5pRPbEg46rtlmnSPlUbgmB8LOIrKJbYYFBSbnPaJexMKtiPO8hmeRjRz2Td+A==

has@^1.0.3:
  version "1.0.3"
  resolved "https://registry.yarnpkg.com/has/-/has-1.0.3.tgz#722d7cbfc1f6aa8241f16dd814e011e1f41e8796"
  integrity sha512-f2dvO0VU6Oej7RkWJGrehjbzMAjFp5/VKPp5tTpWIV4JHHZK1/BxbFRtf/siA2SWTe09caDmVtYYzWEIbBS4zw==
  dependencies:
    function-bind "^1.1.1"

json-stringify-safe@^5.0.1:
  version "5.0.1"
  resolved "https://registry.yarnpkg.com/json-stringify-safe/-/json-stringify-safe-5.0.1.tgz#1296a2d58fd45f19a0f6ce01d65701e2c735b6eb"
  integrity sha512-ZClg6AaYvamvYEE82d3Iyd3vSSIjQ+odgjaTzRuO3s7toCdFKczob2i0zCh7JE8kWn17yvAWhUVxvqGwUalsRA==

lodash.isplainobject@^4.0.6:
  version "4.0.6"
  resolved "https://registry.yarnpkg.com/lodash.isplainobject/-/lodash.isplainobject-4.0.6.tgz#7c526a52d89b45c45cc690b88163be0497f550cb"
  integrity sha512-oSXzaWypCMHkPC3NvBEaPHf0KsA5mvPrOPgQWDsbg8n7orZ290M0BmC/jgRZ4vcJ6DTAhjrsSYgdsW/F+MFOBA==

lodash.isstring@^4.0.1:
  version "4.0.1"
  resolved "https://registry.yarnpkg.com/lodash.isstring/-/lodash.isstring-4.0.1.tgz#d527dfb5456eca7cc9bb95d5daeaf88ba54a5451"
  integrity sha512-0wJxfxH1wgO3GrbuP+dTTk7op+6L41QCXbGINEmD+ny/G/eCqGzxyCsh7159S+mgDDcoarnBw6PC1PS5+wUGgw==

mime-db@1.52.0:
  version "1.52.0"
  resolved "https://registry.yarnpkg.com/mime-db/-/mime-db-1.52.0.tgz#bbabcdc02859f4987301c856e3387ce5ec43bf70"
  integrity sha512-sPU4uV7dYlvtWJxwwxHD0PuihVNiE7TyAbQ5SWxDCB9mUYvOgroQOwYQQOKPJ8CIbE+1ETVlOoK1UC2nU3gYvg==

mime-types@2.1.35, mime-types@^2.1.12:
  version "2.1.35"
  resolved "https://registry.yarnpkg.com/mime-types/-/mime-types-2.1.35.tgz#381a871b62a734450660ae3deee44813f70d959a"
  integrity sha512-ZDY+bPm5zTTF+YpCrAU9nK0UgICYPT0QtT1NZWFv4s++TNkcgVaT0g6+4R2uI4MjQjzysHB1zxuWL50hzaeXiw==
  dependencies:
    mime-db "1.52.0"

object-inspect@^1.9.0:
  version "1.12.3"
  resolved "https://registry.yarnpkg.com/object-inspect/-/object-inspect-1.12.3.tgz#ba62dffd67ee256c8c086dfae69e016cd1f198b9"
  integrity sha512-geUvdk7c+eizMNUDkRpW1wJwgfOiOeHbxBR/hLXK1aT6zmVSO0jsQcs7fj6MGw89jC/cjGfLcNOrtMYtGqm81g==

openai@3.3.0:
  version "3.3.0"
  resolved "https://registry.yarnpkg.com/openai/-/openai-3.3.0.tgz#a6408016ad0945738e1febf43f2fccca83a3f532"
  integrity sha512-uqxI/Au+aPRnsaQRe8CojU0eCR7I0mBiKjD3sNMzY6DaC1ZVrc85u98mtJW6voDug8fgGN+DIZmTDxTthxb7dQ==
  dependencies:
    axios "^0.26.0"
    form-data "^4.0.0"

p-throttle@^4.1.1:
  version "4.1.1"
  resolved "https://registry.yarnpkg.com/p-throttle/-/p-throttle-4.1.1.tgz#80b1fbd358af40a8bfa1667f9dc8b72b714ad692"
  integrity sha512-TuU8Ato+pRTPJoDzYD4s7ocJYcNSEZRvlxoq3hcPI2kZDZ49IQ1Wkj7/gDJc3X7XiEAAvRGtDzdXJI0tC3IL1g==

qs@^6.9.4:
  version "6.11.2"
  resolved "https://registry.yarnpkg.com/qs/-/qs-6.11.2.tgz#64bea51f12c1f5da1bc01496f48ffcff7c69d7d9"
  integrity sha512-tDNIz22aBzCDxLtVH++VnTfzxlfeK5CbqohpSqpJgj1Wg/cQbStNAz3NuqCs5vV+pjBsK4x4pN9HlVh7rcYRiA==
  dependencies:
    side-channel "^1.0.4"

side-channel@^1.0.4:
  version "1.0.4"
  resolved "https://registry.yarnpkg.com/side-channel/-/side-channel-1.0.4.tgz#efce5c8fdc104ee751b25c58d4290011fa5ea2cf"
  integrity sha512-q5XPytqFEIKHkGdiMIrY10mvLRvnQh42/+GoBlFW3b2LXLE2xxJpZFdm94we0BaoV3RwJyGqg5wS7epxTv0Zvw==
  dependencies:
    call-bind "^1.0.0"
    get-intrinsic "^1.0.2"
    object-inspect "^1.9.0"

type-fest@^3.0.0, type-fest@^3.1.0:
  version "3.13.0"
  resolved "https://registry.yarnpkg.com/type-fest/-/type-fest-3.13.0.tgz#b088347ae73779a750c461694b264340c4c8c0d7"
  integrity sha512-Gur3yQGM9qiLNs0KPP7LPgeRbio2QTt4xXouobMCarR0/wyW3F+F/+OWwshg3NG0Adon7uQfSZBpB46NfhoF1A==
